
Microsoft Visual Studio Solution File, Format Version 12.00
# Visual Studio Version 17
VisualStudioVersion = 17.0.31903.59
MinimumVisualStudioVersion = 10.0.40219.1
Project("{2150E333-8FDC-42A3-9474-1A3956D46DE8}") = "src", "src", "{461259B7-1AA3-465C-BA4E-BA8F5AA49F3E}"
EndProject
Project("{2150E333-8FDC-42A3-9474-1A3956D46DE8}") = "SharedKernel", "SharedKernel", "{E9C35196-CEFD-4D65-B7CC-0B27A3A1133D}"
EndProject
Project("{FAE04EC0-301F-11D3-BF4B-00C04F79EFBC}") = "SharedKernel.Domain", "src\SharedKernel\SharedKernel.Domain\SharedKernel.Domain.csproj", "{10FACEF6-C2F2-4D2A-97DB-7D7BE77CE77F}"
EndProject
Project("{FAE04EC0-301F-11D3-BF4B-00C04F79EFBC}") = "SharedKernel.Application", "src\SharedKernel\SharedKernel.Application\SharedKernel.Application.csproj", "{91BDDF7F-C652-411E-BCB9-7530018F2D6D}"
EndProject
Project("{FAE04EC0-301F-11D3-BF4B-00C04F79EFBC}") = "SharedKernel.Infrastructure", "src\SharedKernel\SharedKernel.Infrastructure\SharedKernel.Infrastructure.csproj", "{E3166F60-EA6C-4BCA-9960-C9C18701A50E}"
EndProject
Project("{2150E333-8FDC-42A3-9474-1A3956D46DE8}") = "Modules", "Modules", "{865E6BA7-236A-4B93-A470-65BB4EDB3A41}"
EndProject
Project("{2150E333-8FDC-42A3-9474-1A3956D46DE8}") = "Identity", "Identity", "{FE335544-EF82-4231-959A-C07589A25D5D}"
EndProject
Project("{FAE04EC0-301F-11D3-BF4B-00C04F79EFBC}") = "Identity.Domain", "src\Modules\Identity\Identity.Domain\Identity.Domain.csproj", "{ABA3D126-35B7-4108-9746-FBFCA121AE63}"
EndProject
Project("{FAE04EC0-301F-11D3-BF4B-00C04F79EFBC}") = "Identity.Application", "src\Modules\Identity\Identity.Application\Identity.Application.csproj", "{0AE148AF-A12C-477D-BD05-27E5E4D76494}"
EndProject
Project("{FAE04EC0-301F-11D3-BF4B-00C04F79EFBC}") = "Identity.Infrastructure", "src\Modules\Identity\Identity.Infrastructure\Identity.Infrastructure.csproj", "{08A27FCA-5F35-41A5-A72A-F483D9510CE1}"
EndProject
Project("{2150E333-8FDC-42A3-9474-1A3956D46DE8}") = "Api", "Api", "{68240D35-9003-49D9-8B3A-54893B7E8DB9}"
EndProject
Project("{FAE04EC0-301F-11D3-BF4B-00C04F79EFBC}") = "Jacana.HRMS.Api", "src\Api\Jacana.HRMS.Api\Jacana.HRMS.Api.csproj", "{F396E274-349C-43AA-B1C8-00B27EC6D02E}"
EndProject
Project("{2150E333-8FDC-42A3-9474-1A3956D46DE8}") = "tests", "tests", "{944EEE59-C01F-4A72-AF72-7B3A1483598E}"
EndProject
Project("{FAE04EC0-301F-11D3-BF4B-00C04F79EFBC}") = "ArchitectureTests", "tests\ArchitectureTests\ArchitectureTests.csproj", "{CD6B2CAF-0E06-4B2F-994C-6C61FDD4DD9C}"
EndProject
Project("{FAE04EC0-301F-11D3-BF4B-00C04F79EFBC}") = "UnitTests", "tests\UnitTests\UnitTests.csproj", "{EBA7C258-A1EE-4B66-8073-4C2592BA7B0D}"
EndProject
Project("{2150E333-8FDC-42A3-9474-1A3956D46DE8}") = "PatientRegistration", "PatientRegistration", "{B767FB2A-2E66-4D12-82F9-912C780E035A}"
EndProject
Project("{FAE04EC0-301F-11D3-BF4B-00C04F79EFBC}") = "PatientRegistration.Domain", "src\Modules\PatientRegistration\PatientRegistration.Domain\PatientRegistration.Domain.csproj", "{22B63C8C-754A-42F6-A169-6D587BA3C470}"
EndProject
Project("{FAE04EC0-301F-11D3-BF4B-00C04F79EFBC}") = "PatientRegistration.Application", "src\Modules\PatientRegistration\PatientRegistration.Application\PatientRegistration.Application.csproj", "{121D19FD-799F-4D30-B5EB-D8017C1BA60B}"
EndProject
Project("{FAE04EC0-301F-11D3-BF4B-00C04F79EFBC}") = "PatientRegistration.Infrastructure", "src\Modules\PatientRegistration\PatientRegistration.Infrastructure\PatientRegistration.Infrastructure.csproj", "{522E3DA2-BAA9-44E1-B44E-3642FF17E039}"
EndProject
Project("{2150E333-8FDC-42A3-9474-1A3956D46DE8}") = "Clinical", "Clinical", "{DDAE8553-18CC-4782-9B62-BF6DA5BC89AD}"
EndProject
Project("{FAE04EC0-301F-11D3-BF4B-00C04F79EFBC}") = "Clinical.Domain", "src\Modules\Clinical\Clinical.Domain\Clinical.Domain.csproj", "{12675820-9A87-488C-8113-569000A34D54}"
EndProject
Project("{FAE04EC0-301F-11D3-BF4B-00C04F79EFBC}") = "Clinical.Application", "src\Modules\Clinical\Clinical.Application\Clinical.Application.csproj", "{79938577-68FF-4A55-9F93-37199D8C9948}"
EndProject
Project("{FAE04EC0-301F-11D3-BF4B-00C04F79EFBC}") = "Clinical.Infrastructure", "src\Modules\Clinical\Clinical.Infrastructure\Clinical.Infrastructure.csproj", "{7257A2DA-1970-4B84-B063-9B1FC604F5E4}"
EndProject
Project("{2150E333-8FDC-42A3-9474-1A3956D46DE8}") = "Inventory", "Inventory", "{CC34A148-E8D7-4A5E-BDE6-F5F56867F2F8}"
EndProject
Project("{FAE04EC0-301F-11D3-BF4B-00C04F79EFBC}") = "Inventory.Domain", "src\Modules\Inventory\Inventory.Domain\Inventory.Domain.csproj", "{3DD1E425-086C-43FC-8E89-F206987B05C8}"
EndProject
Project("{FAE04EC0-301F-11D3-BF4B-00C04F79EFBC}") = "Inventory.Application", "src\Modules\Inventory\Inventory.Application\Inventory.Application.csproj", "{BC16C88E-3885-4769-8D4C-566A0098AAA2}"
EndProject
Project("{FAE04EC0-301F-11D3-BF4B-00C04F79EFBC}") = "Inventory.Infrastructure", "src\Modules\Inventory\Inventory.Infrastructure\Inventory.Infrastructure.csproj", "{A9D369B2-2286-41BB-AD0A-ECB792AC981E}"
EndProject
Project("{2150E333-8FDC-42A3-9474-1A3956D46DE8}") = "Pharmacy", "Pharmacy", "{4BE954BD-E8D4-46FD-B9DD-194EEDBCEF2D}"
EndProject
Project("{FAE04EC0-301F-11D3-BF4B-00C04F79EFBC}") = "Pharmacy.Domain", "src\Modules\Pharmacy\Pharmacy.Domain\Pharmacy.Domain.csproj", "{4CF487B1-8009-48A2-8496-6E129673A2D4}"
EndProject
Project("{FAE04EC0-301F-11D3-BF4B-00C04F79EFBC}") = "Pharmacy.Application", "src\Modules\Pharmacy\Pharmacy.Application\Pharmacy.Application.csproj", "{1E76BE43-5A2D-4227-ABAC-BC442693A2F2}"
EndProject
Project("{FAE04EC0-301F-11D3-BF4B-00C04F79EFBC}") = "Pharmacy.Infrastructure", "src\Modules\Pharmacy\Pharmacy.Infrastructure\Pharmacy.Infrastructure.csproj", "{D2874166-6D75-4FF4-AD61-88C7A5BDDA43}"
EndProject
Project("{2150E333-8FDC-42A3-9474-1A3956D46DE8}") = "Laboratory", "Laboratory", "{C76DAAAA-1116-4FEA-BE6E-A3C03CE3B0BD}"
EndProject
Project("{FAE04EC0-301F-11D3-BF4B-00C04F79EFBC}") = "Laboratory.Domain", "src\Modules\Laboratory\Laboratory.Domain\Laboratory.Domain.csproj", "{4EB766F8-C9C0-462A-9E20-A6448AABD0E2}"
EndProject
Project("{FAE04EC0-301F-11D3-BF4B-00C04F79EFBC}") = "Laboratory.Application", "src\Modules\Laboratory\Laboratory.Application\Laboratory.Application.csproj", "{F60FA0C0-782A-4F99-B7D1-DE6734177683}"
EndProject
Project("{FAE04EC0-301F-11D3-BF4B-00C04F79EFBC}") = "Laboratory.Infrastructure", "src\Modules\Laboratory\Laboratory.Infrastructure\Laboratory.Infrastructure.csproj", "{CA910798-2614-4DBE-877A-642783C6B65D}"
EndProject
Project("{2150E333-8FDC-42A3-9474-1A3956D46DE8}") = "Billing", "Billing", "{6ECB41F5-676B-4B4A-A5AD-F1BC8EC652C4}"
EndProject
Project("{FAE04EC0-301F-11D3-BF4B-00C04F79EFBC}") = "Billing.Domain", "src\Modules\Billing\Billing.Domain\Billing.Domain.csproj", "{30A17926-C3D2-4E1F-8DD4-6090CFBB380B}"
EndProject
Project("{FAE04EC0-301F-11D3-BF4B-00C04F79EFBC}") = "Billing.Application", "src\Modules\Billing\Billing.Application\Billing.Application.csproj", "{05BD1595-F65D-486A-91F0-5877F78678F8}"
EndProject
Project("{FAE04EC0-301F-11D3-BF4B-00C04F79EFBC}") = "Billing.Infrastructure", "src\Modules\Billing\Billing.Infrastructure\Billing.Infrastructure.csproj", "{0FA9C2A1-083F-45E4-B703-ECABDA598B17}"
EndProject
Project("{2150E333-8FDC-42A3-9474-1A3956D46DE8}") = "Inpatient", "Inpatient", "{4941F86A-B8D1-4681-9F73-EC4EE839863C}"
EndProject
Project("{FAE04EC0-301F-11D3-BF4B-00C04F79EFBC}") = "Inpatient.Domain", "src\Modules\Inpatient\Inpatient.Domain\Inpatient.Domain.csproj", "{B156B0E5-DF0B-4037-804B-575B13CBEAF9}"
EndProject
Project("{FAE04EC0-301F-11D3-BF4B-00C04F79EFBC}") = "Inpatient.Application", "src\Modules\Inpatient\Inpatient.Application\Inpatient.Application.csproj", "{C3BDF63D-305A-44BE-A81C-C105814D7531}"
EndProject
Project("{FAE04EC0-301F-11D3-BF4B-00C04F79EFBC}") = "Inpatient.Infrastructure", "src\Modules\Inpatient\Inpatient.Infrastructure\Inpatient.Infrastructure.csproj", "{1627889E-5E82-4EDD-A155-B74E8D537B96}"
EndProject
Project("{2150E333-8FDC-42A3-9474-1A3956D46DE8}") = "Notifications", "Notifications", "{FB0E7D9B-6E7E-4AF4-BECF-8CF0D3C7C69F}"
EndProject
Project("{FAE04EC0-301F-11D3-BF4B-00C04F79EFBC}") = "Notifications.Domain", "src\Modules\Notifications\Notifications.Domain\Notifications.Domain.csproj", "{012A8A25-9C3B-4589-90DC-C4042516304C}"
EndProject
Project("{FAE04EC0-301F-11D3-BF4B-00C04F79EFBC}") = "Notifications.Application", "src\Modules\Notifications\Notifications.Application\Notifications.Application.csproj", "{5DE250BE-4637-4146-909F-C83EBF679B36}"
EndProject
Project("{FAE04EC0-301F-11D3-BF4B-00C04F79EFBC}") = "Notifications.Infrastructure", "src\Modules\Notifications\Notifications.Infrastructure\Notifications.Infrastructure.csproj", "{039A8AD3-6701-432F-A223-0B8263DBB6AA}"
EndProject
Project("{2150E333-8FDC-42A3-9474-1A3956D46DE8}") = "Audit", "Audit", "{D019FF5D-39A9-4F2F-9F8A-0837E02E873A}"
EndProject
Project("{FAE04EC0-301F-11D3-BF4B-00C04F79EFBC}") = "Audit.Application", "src\Modules\Audit\Audit.Application\Audit.Application.csproj", "{A9E48D4B-F511-4477-8B8F-29C6700DE933}"
EndProject
Project("{FAE04EC0-301F-11D3-BF4B-00C04F79EFBC}") = "Audit.Infrastructure", "src\Modules\Audit\Audit.Infrastructure\Audit.Infrastructure.csproj", "{E3271FAC-2470-4365-8C04-68994B57F201}"
EndProject
Project("{2150E333-8FDC-42A3-9474-1A3956D46DE8}") = "Reporting", "Reporting", "{D99A187E-DD6C-4A62-9809-CB20B16ACD6C}"
EndProject
Project("{FAE04EC0-301F-11D3-BF4B-00C04F79EFBC}") = "Reporting.Application", "src\Modules\Reporting\Reporting.Application\Reporting.Application.csproj", "{99BC2271-5430-43C1-9A6A-82C0B7F64CE7}"
EndProject
Project("{FAE04EC0-301F-11D3-BF4B-00C04F79EFBC}") = "Reporting.Infrastructure", "src\Modules\Reporting\Reporting.Infrastructure\Reporting.Infrastructure.csproj", "{AE8CC069-35B6-43C2-AA62-6058B2894C9B}"
EndProject
Project("{2150E333-8FDC-42A3-9474-1A3956D46DE8}") = "tools", "tools", "{4CD78AF6-FF58-482F-B67D-77600CD92077}"
EndProject
Project("{FAE04EC0-301F-11D3-BF4B-00C04F79EFBC}") = "Jacana.HRMS.DbInitializer", "tools\Jacana.HRMS.DbInitializer\Jacana.HRMS.DbInitializer.csproj", "{B5FADCAF-B74A-4996-8D99-A1FFF6E0F88C}"
EndProject
Global
	GlobalSection(SolutionConfigurationPlatforms) = preSolution
		Debug|Any CPU = Debug|Any CPU
		Release|Any CPU = Release|Any CPU
	EndGlobalSection
	GlobalSection(SolutionProperties) = preSolution
		HideSolutionNode = FALSE
	EndGlobalSection
	GlobalSection(ProjectConfigurationPlatforms) = postSolution
		{10FACEF6-C2F2-4D2A-97DB-7D7BE77CE77F}.Debug|Any CPU.ActiveCfg = Debug|Any CPU
		{10FACEF6-C2F2-4D2A-97DB-7D7BE77CE77F}.Debug|Any CPU.Build.0 = Debug|Any CPU
		{10FACEF6-C2F2-4D2A-97DB-7D7BE77CE77F}.Release|Any CPU.ActiveCfg = Release|Any CPU
		{10FACEF6-C2F2-4D2A-97DB-7D7BE77CE77F}.Release|Any CPU.Build.0 = Release|Any CPU
		{91BDDF7F-C652-411E-BCB9-7530018F2D6D}.Debug|Any CPU.ActiveCfg = Debug|Any CPU
		{91BDDF7F-C652-411E-BCB9-7530018F2D6D}.Debug|Any CPU.Build.0 = Debug|Any CPU
		{91BDDF7F-C652-411E-BCB9-7530018F2D6D}.Release|Any CPU.ActiveCfg = Release|Any CPU
		{91BDDF7F-C652-411E-BCB9-7530018F2D6D}.Release|Any CPU.Build.0 = Release|Any CPU
		{E3166F60-EA6C-4BCA-9960-C9C18701A50E}.Debug|Any CPU.ActiveCfg = Debug|Any CPU
		{E3166F60-EA6C-4BCA-9960-C9C18701A50E}.Debug|Any CPU.Build.0 = Debug|Any CPU
		{E3166F60-EA6C-4BCA-9960-C9C18701A50E}.Release|Any CPU.ActiveCfg = Release|Any CPU
		{E3166F60-EA6C-4BCA-9960-C9C18701A50E}.Release|Any CPU.Build.0 = Release|Any CPU
		{ABA3D126-35B7-4108-9746-FBFCA121AE63}.Debug|Any CPU.ActiveCfg = Debug|Any CPU
		{ABA3D126-35B7-4108-9746-FBFCA121AE63}.Debug|Any CPU.Build.0 = Debug|Any CPU
		{ABA3D126-35B7-4108-9746-FBFCA121AE63}.Release|Any CPU.ActiveCfg = Release|Any CPU
		{ABA3D126-35B7-4108-9746-FBFCA121AE63}.Release|Any CPU.Build.0 = Release|Any CPU
		{0AE148AF-A12C-477D-BD05-27E5E4D76494}.Debug|Any CPU.ActiveCfg = Debug|Any CPU
		{0AE148AF-A12C-477D-BD05-27E5E4D76494}.Debug|Any CPU.Build.0 = Debug|Any CPU
		{0AE148AF-A12C-477D-BD05-27E5E4D76494}.Release|Any CPU.ActiveCfg = Release|Any CPU
		{0AE148AF-A12C-477D-BD05-27E5E4D76494}.Release|Any CPU.Build.0 = Release|Any CPU
		{08A27FCA-5F35-41A5-A72A-F483D9510CE1}.Debug|Any CPU.ActiveCfg = Debug|Any CPU
		{08A27FCA-5F35-41A5-A72A-F483D9510CE1}.Debug|Any CPU.Build.0 = Debug|Any CPU
		{08A27FCA-5F35-41A5-A72A-F483D9510CE1}.Release|Any CPU.ActiveCfg = Release|Any CPU
		{08A27FCA-5F35-41A5-A72A-F483D9510CE1}.Release|Any CPU.Build.0 = Release|Any CPU
		{F396E274-349C-43AA-B1C8-00B27EC6D02E}.Debug|Any CPU.ActiveCfg = Debug|Any CPU
		{F396E274-349C-43AA-B1C8-00B27EC6D02E}.Debug|Any CPU.Build.0 = Debug|Any CPU
		{F396E274-349C-43AA-B1C8-00B27EC6D02E}.Release|Any CPU.ActiveCfg = Release|Any CPU
		{F396E274-349C-43AA-B1C8-00B27EC6D02E}.Release|Any CPU.Build.0 = Release|Any CPU
		{CD6B2CAF-0E06-4B2F-994C-6C61FDD4DD9C}.Debug|Any CPU.ActiveCfg = Debug|Any CPU
		{CD6B2CAF-0E06-4B2F-994C-6C61FDD4DD9C}.Debug|Any CPU.Build.0 = Debug|Any CPU
		{CD6B2CAF-0E06-4B2F-994C-6C61FDD4DD9C}.Release|Any CPU.ActiveCfg = Release|Any CPU
		{CD6B2CAF-0E06-4B2F-994C-6C61FDD4DD9C}.Release|Any CPU.Build.0 = Release|Any CPU
		{EBA7C258-A1EE-4B66-8073-4C2592BA7B0D}.Debug|Any CPU.ActiveCfg = Debug|Any CPU
		{EBA7C258-A1EE-4B66-8073-4C2592BA7B0D}.Debug|Any CPU.Build.0 = Debug|Any CPU
		{EBA7C258-A1EE-4B66-8073-4C2592BA7B0D}.Release|Any CPU.ActiveCfg = Release|Any CPU
		{EBA7C258-A1EE-4B66-8073-4C2592BA7B0D}.Release|Any CPU.Build.0 = Release|Any CPU
		{22B63C8C-754A-42F6-A169-6D587BA3C470}.Debug|Any CPU.ActiveCfg = Debug|Any CPU
		{22B63C8C-754A-42F6-A169-6D587BA3C470}.Debug|Any CPU.Build.0 = Debug|Any CPU
		{22B63C8C-754A-42F6-A169-6D587BA3C470}.Release|Any CPU.ActiveCfg = Release|Any CPU
		{22B63C8C-754A-42F6-A169-6D587BA3C470}.Release|Any CPU.Build.0 = Release|Any CPU
		{121D19FD-799F-4D30-B5EB-D8017C1BA60B}.Debug|Any CPU.ActiveCfg = Debug|Any CPU
		{121D19FD-799F-4D30-B5EB-D8017C1BA60B}.Debug|Any CPU.Build.0 = Debug|Any CPU
		{121D19FD-799F-4D30-B5EB-D8017C1BA60B}.Release|Any CPU.ActiveCfg = Release|Any CPU
		{121D19FD-799F-4D30-B5EB-D8017C1BA60B}.Release|Any CPU.Build.0 = Release|Any CPU
		{522E3DA2-BAA9-44E1-B44E-3642FF17E039}.Debug|Any CPU.ActiveCfg = Debug|Any CPU
		{522E3DA2-BAA9-44E1-B44E-3642FF17E039}.Debug|Any CPU.Build.0 = Debug|Any CPU
		{522E3DA2-BAA9-44E1-B44E-3642FF17E039}.Release|Any CPU.ActiveCfg = Release|Any CPU
		{522E3DA2-BAA9-44E1-B44E-3642FF17E039}.Release|Any CPU.Build.0 = Release|Any CPU
		{12675820-9A87-488C-8113-569000A34D54}.Debug|Any CPU.ActiveCfg = Debug|Any CPU
		{12675820-9A87-488C-8113-569000A34D54}.Debug|Any CPU.Build.0 = Debug|Any CPU
		{12675820-9A87-488C-8113-569000A34D54}.Release|Any CPU.ActiveCfg = Release|Any CPU
		{12675820-9A87-488C-8113-569000A34D54}.Release|Any CPU.Build.0 = Release|Any CPU
		{79938577-68FF-4A55-9F93-37199D8C9948}.Debug|Any CPU.ActiveCfg = Debug|Any CPU
		{79938577-68FF-4A55-9F93-37199D8C9948}.Debug|Any CPU.Build.0 = Debug|Any CPU
		{79938577-68FF-4A55-9F93-37199D8C9948}.Release|Any CPU.ActiveCfg = Release|Any CPU
		{79938577-68FF-4A55-9F93-37199D8C9948}.Release|Any CPU.Build.0 = Release|Any CPU
		{7257A2DA-1970-4B84-B063-9B1FC604F5E4}.Debug|Any CPU.ActiveCfg = Debug|Any CPU
		{7257A2DA-1970-4B84-B063-9B1FC604F5E4}.Debug|Any CPU.Build.0 = Debug|Any CPU
		{7257A2DA-1970-4B84-B063-9B1FC604F5E4}.Release|Any CPU.ActiveCfg = Release|Any CPU
		{7257A2DA-1970-4B84-B063-9B1FC604F5E4}.Release|Any CPU.Build.0 = Release|Any CPU
		{3DD1E425-086C-43FC-8E89-F206987B05C8}.Debug|Any CPU.ActiveCfg = Debug|Any CPU
		{3DD1E425-086C-43FC-8E89-F206987B05C8}.Debug|Any CPU.Build.0 = Debug|Any CPU
		{3DD1E425-086C-43FC-8E89-F206987B05C8}.Release|Any CPU.ActiveCfg = Release|Any CPU
		{3DD1E425-086C-43FC-8E89-F206987B05C8}.Release|Any CPU.Build.0 = Release|Any CPU
		{BC16C88E-3885-4769-8D4C-566A0098AAA2}.Debug|Any CPU.ActiveCfg = Debug|Any CPU
		{BC16C88E-3885-4769-8D4C-566A0098AAA2}.Debug|Any CPU.Build.0 = Debug|Any CPU
		{BC16C88E-3885-4769-8D4C-566A0098AAA2}.Release|Any CPU.ActiveCfg = Release|Any CPU
		{BC16C88E-3885-4769-8D4C-566A0098AAA2}.Release|Any CPU.Build.0 = Release|Any CPU
		{A9D369B2-2286-41BB-AD0A-ECB792AC981E}.Debug|Any CPU.ActiveCfg = Debug|Any CPU
		{A9D369B2-2286-41BB-AD0A-ECB792AC981E}.Debug|Any CPU.Build.0 = Debug|Any CPU
		{A9D369B2-2286-41BB-AD0A-ECB792AC981E}.Release|Any CPU.ActiveCfg = Release|Any CPU
		{A9D369B2-2286-41BB-AD0A-ECB792AC981E}.Release|Any CPU.Build.0 = Release|Any CPU
		{4CF487B1-8009-48A2-8496-6E129673A2D4}.Debug|Any CPU.ActiveCfg = Debug|Any CPU
		{4CF487B1-8009-48A2-8496-6E129673A2D4}.Debug|Any CPU.Build.0 = Debug|Any CPU
		{4CF487B1-8009-48A2-8496-6E129673A2D4}.Release|Any CPU.ActiveCfg = Release|Any CPU
		{4CF487B1-8009-48A2-8496-6E129673A2D4}.Release|Any CPU.Build.0 = Release|Any CPU
		{1E76BE43-5A2D-4227-ABAC-BC442693A2F2}.Debug|Any CPU.ActiveCfg = Debug|Any CPU
		{1E76BE43-5A2D-4227-ABAC-BC442693A2F2}.Debug|Any CPU.Build.0 = Debug|Any CPU
		{1E76BE43-5A2D-4227-ABAC-BC442693A2F2}.Release|Any CPU.ActiveCfg = Release|Any CPU
		{1E76BE43-5A2D-4227-ABAC-BC442693A2F2}.Release|Any CPU.Build.0 = Release|Any CPU
		{D2874166-6D75-4FF4-AD61-88C7A5BDDA43}.Debug|Any CPU.ActiveCfg = Debug|Any CPU
		{D2874166-6D75-4FF4-AD61-88C7A5BDDA43}.Debug|Any CPU.Build.0 = Debug|Any CPU
		{D2874166-6D75-4FF4-AD61-88C7A5BDDA43}.Release|Any CPU.ActiveCfg = Release|Any CPU
		{D2874166-6D75-4FF4-AD61-88C7A5BDDA43}.Release|Any CPU.Build.0 = Release|Any CPU
		{4EB766F8-C9C0-462A-9E20-A6448AABD0E2}.Debug|Any CPU.ActiveCfg = Debug|Any CPU
		{4EB766F8-C9C0-462A-9E20-A6448AABD0E2}.Debug|Any CPU.Build.0 = Debug|Any CPU
		{4EB766F8-C9C0-462A-9E20-A6448AABD0E2}.Release|Any CPU.ActiveCfg = Release|Any CPU
		{4EB766F8-C9C0-462A-9E20-A6448AABD0E2}.Release|Any CPU.Build.0 = Release|Any CPU
		{F60FA0C0-782A-4F99-B7D1-DE6734177683}.Debug|Any CPU.ActiveCfg = Debug|Any CPU
		{F60FA0C0-782A-4F99-B7D1-DE6734177683}.Debug|Any CPU.Build.0 = Debug|Any CPU
		{F60FA0C0-782A-4F99-B7D1-DE6734177683}.Release|Any CPU.ActiveCfg = Release|Any CPU
		{F60FA0C0-782A-4F99-B7D1-DE6734177683}.Release|Any CPU.Build.0 = Release|Any CPU
		{CA910798-2614-4DBE-877A-642783C6B65D}.Debug|Any CPU.ActiveCfg = Debug|Any CPU
		{CA910798-2614-4DBE-877A-642783C6B65D}.Debug|Any CPU.Build.0 = Debug|Any CPU
		{CA910798-2614-4DBE-877A-642783C6B65D}.Release|Any CPU.ActiveCfg = Release|Any CPU
		{CA910798-2614-4DBE-877A-642783C6B65D}.Release|Any CPU.Build.0 = Release|Any CPU
		{30A17926-C3D2-4E1F-8DD4-6090CFBB380B}.Debug|Any CPU.ActiveCfg = Debug|Any CPU
		{30A17926-C3D2-4E1F-8DD4-6090CFBB380B}.Debug|Any CPU.Build.0 = Debug|Any CPU
		{30A17926-C3D2-4E1F-8DD4-6090CFBB380B}.Release|Any CPU.ActiveCfg = Release|Any CPU
		{30A17926-C3D2-4E1F-8DD4-6090CFBB380B}.Release|Any CPU.Build.0 = Release|Any CPU
		{05BD1595-F65D-486A-91F0-5877F78678F8}.Debug|Any CPU.ActiveCfg = Debug|Any CPU
		{05BD1595-F65D-486A-91F0-5877F78678F8}.Debug|Any CPU.Build.0 = Debug|Any CPU
		{05BD1595-F65D-486A-91F0-5877F78678F8}.Release|Any CPU.ActiveCfg = Release|Any CPU
		{05BD1595-F65D-486A-91F0-5877F78678F8}.Release|Any CPU.Build.0 = Release|Any CPU
		{0FA9C2A1-083F-45E4-B703-ECABDA598B17}.Debug|Any CPU.ActiveCfg = Debug|Any CPU
		{0FA9C2A1-083F-45E4-B703-ECABDA598B17}.Debug|Any CPU.Build.0 = Debug|Any CPU
		{0FA9C2A1-083F-45E4-B703-ECABDA598B17}.Release|Any CPU.ActiveCfg = Release|Any CPU
		{0FA9C2A1-083F-45E4-B703-ECABDA598B17}.Release|Any CPU.Build.0 = Release|Any CPU
		{B156B0E5-DF0B-4037-804B-575B13CBEAF9}.Debug|Any CPU.ActiveCfg = Debug|Any CPU
		{B156B0E5-DF0B-4037-804B-575B13CBEAF9}.Debug|Any CPU.Build.0 = Debug|Any CPU
		{B156B0E5-DF0B-4037-804B-575B13CBEAF9}.Release|Any CPU.ActiveCfg = Release|Any CPU
		{B156B0E5-DF0B-4037-804B-575B13CBEAF9}.Release|Any CPU.Build.0 = Release|Any CPU
		{C3BDF63D-305A-44BE-A81C-C105814D7531}.Debug|Any CPU.ActiveCfg = Debug|Any CPU
		{C3BDF63D-305A-44BE-A81C-C105814D7531}.Debug|Any CPU.Build.0 = Debug|Any CPU
		{C3BDF63D-305A-44BE-A81C-C105814D7531}.Release|Any CPU.ActiveCfg = Release|Any CPU
		{C3BDF63D-305A-44BE-A81C-C105814D7531}.Release|Any CPU.Build.0 = Release|Any CPU
		{1627889E-5E82-4EDD-A155-B74E8D537B96}.Debug|Any CPU.ActiveCfg = Debug|Any CPU
		{1627889E-5E82-4EDD-A155-B74E8D537B96}.Debug|Any CPU.Build.0 = Debug|Any CPU
		{1627889E-5E82-4EDD-A155-B74E8D537B96}.Release|Any CPU.ActiveCfg = Release|Any CPU
		{1627889E-5E82-4EDD-A155-B74E8D537B96}.Release|Any CPU.Build.0 = Release|Any CPU
		{012A8A25-9C3B-4589-90DC-C4042516304C}.Debug|Any CPU.ActiveCfg = Debug|Any CPU
		{012A8A25-9C3B-4589-90DC-C4042516304C}.Debug|Any CPU.Build.0 = Debug|Any CPU
		{012A8A25-9C3B-4589-90DC-C4042516304C}.Release|Any CPU.ActiveCfg = Release|Any CPU
		{012A8A25-9C3B-4589-90DC-C4042516304C}.Release|Any CPU.Build.0 = Release|Any CPU
		{5DE250BE-4637-4146-909F-C83EBF679B36}.Debug|Any CPU.ActiveCfg = Debug|Any CPU
		{5DE250BE-4637-4146-909F-C83EBF679B36}.Debug|Any CPU.Build.0 = Debug|Any CPU
		{5DE250BE-4637-4146-909F-C83EBF679B36}.Release|Any CPU.ActiveCfg = Release|Any CPU
		{5DE250BE-4637-4146-909F-C83EBF679B36}.Release|Any CPU.Build.0 = Release|Any CPU
		{039A8AD3-6701-432F-A223-0B8263DBB6AA}.Debug|Any CPU.ActiveCfg = Debug|Any CPU
		{039A8AD3-6701-432F-A223-0B8263DBB6AA}.Debug|Any CPU.Build.0 = Debug|Any CPU
		{039A8AD3-6701-432F-A223-0B8263DBB6AA}.Release|Any CPU.ActiveCfg = Release|Any CPU
		{039A8AD3-6701-432F-A223-0B8263DBB6AA}.Release|Any CPU.Build.0 = Release|Any CPU
		{A9E48D4B-F511-4477-8B8F-29C6700DE933}.Debug|Any CPU.ActiveCfg = Debug|Any CPU
		{A9E48D4B-F511-4477-8B8F-29C6700DE933}.Debug|Any CPU.Build.0 = Debug|Any CPU
		{A9E48D4B-F511-4477-8B8F-29C6700DE933}.Release|Any CPU.ActiveCfg = Release|Any CPU
		{A9E48D4B-F511-4477-8B8F-29C6700DE933}.Release|Any CPU.Build.0 = Release|Any CPU
		{E3271FAC-2470-4365-8C04-68994B57F201}.Debug|Any CPU.ActiveCfg = Debug|Any CPU
		{E3271FAC-2470-4365-8C04-68994B57F201}.Debug|Any CPU.Build.0 = Debug|Any CPU
		{E3271FAC-2470-4365-8C04-68994B57F201}.Release|Any CPU.ActiveCfg = Release|Any CPU
		{E3271FAC-2470-4365-8C04-68994B57F201}.Release|Any CPU.Build.0 = Release|Any CPU
		{99BC2271-5430-43C1-9A6A-82C0B7F64CE7}.Debug|Any CPU.ActiveCfg = Debug|Any CPU
		{99BC2271-5430-43C1-9A6A-82C0B7F64CE7}.Debug|Any CPU.Build.0 = Debug|Any CPU
		{99BC2271-5430-43C1-9A6A-82C0B7F64CE7}.Release|Any CPU.ActiveCfg = Release|Any CPU
		{99BC2271-5430-43C1-9A6A-82C0B7F64CE7}.Release|Any CPU.Build.0 = Release|Any CPU
		{AE8CC069-35B6-43C2-AA62-6058B2894C9B}.Debug|Any CPU.ActiveCfg = Debug|Any CPU
		{AE8CC069-35B6-43C2-AA62-6058B2894C9B}.Debug|Any CPU.Build.0 = Debug|Any CPU
		{AE8CC069-35B6-43C2-AA62-6058B2894C9B}.Release|Any CPU.ActiveCfg = Release|Any CPU
		{AE8CC069-35B6-43C2-AA62-6058B2894C9B}.Release|Any CPU.Build.0 = Release|Any CPU
		{B5FADCAF-B74A-4996-8D99-A1FFF6E0F88C}.Debug|Any CPU.ActiveCfg = Debug|Any CPU
		{B5FADCAF-B74A-4996-8D99-A1FFF6E0F88C}.Debug|Any CPU.Build.0 = Debug|Any CPU
		{B5FADCAF-B74A-4996-8D99-A1FFF6E0F88C}.Release|Any CPU.ActiveCfg = Release|Any CPU
		{B5FADCAF-B74A-4996-8D99-A1FFF6E0F88C}.Release|Any CPU.Build.0 = Release|Any CPU
	EndGlobalSection
	GlobalSection(NestedProjects) = preSolution
		{E9C35196-CEFD-4D65-B7CC-0B27A3A1133D} = {461259B7-1AA3-465C-BA4E-BA8F5AA49F3E}
		{10FACEF6-C2F2-4D2A-97DB-7D7BE77CE77F} = {E9C35196-CEFD-4D65-B7CC-0B27A3A1133D}
		{91BDDF7F-C652-411E-BCB9-7530018F2D6D} = {E9C35196-CEFD-4D65-B7CC-0B27A3A1133D}
		{E3166F60-EA6C-4BCA-9960-C9C18701A50E} = {E9C35196-CEFD-4D65-B7CC-0B27A3A1133D}
		{865E6BA7-236A-4B93-A470-65BB4EDB3A41} = {461259B7-1AA3-465C-BA4E-BA8F5AA49F3E}
		{FE335544-EF82-4231-959A-C07589A25D5D} = {865E6BA7-236A-4B93-A470-65BB4EDB3A41}
		{ABA3D126-35B7-4108-9746-FBFCA121AE63} = {FE335544-EF82-4231-959A-C07589A25D5D}
		{0AE148AF-A12C-477D-BD05-27E5E4D76494} = {FE335544-EF82-4231-959A-C07589A25D5D}
		{08A27FCA-5F35-41A5-A72A-F483D9510CE1} = {FE335544-EF82-4231-959A-C07589A25D5D}
		{68240D35-9003-49D9-8B3A-54893B7E8DB9} = {461259B7-1AA3-465C-BA4E-BA8F5AA49F3E}
		{F396E274-349C-43AA-B1C8-00B27EC6D02E} = {68240D35-9003-49D9-8B3A-54893B7E8DB9}
		{CD6B2CAF-0E06-4B2F-994C-6C61FDD4DD9C} = {944EEE59-C01F-4A72-AF72-7B3A1483598E}
		{EBA7C258-A1EE-4B66-8073-4C2592BA7B0D} = {944EEE59-C01F-4A72-AF72-7B3A1483598E}
		{B767FB2A-2E66-4D12-82F9-912C780E035A} = {865E6BA7-236A-4B93-A470-65BB4EDB3A41}
		{22B63C8C-754A-42F6-A169-6D587BA3C470} = {B767FB2A-2E66-4D12-82F9-912C780E035A}
		{121D19FD-799F-4D30-B5EB-D8017C1BA60B} = {B767FB2A-2E66-4D12-82F9-912C780E035A}
		{522E3DA2-BAA9-44E1-B44E-3642FF17E039} = {B767FB2A-2E66-4D12-82F9-912C780E035A}
		{DDAE8553-18CC-4782-9B62-BF6DA5BC89AD} = {865E6BA7-236A-4B93-A470-65BB4EDB3A41}
		{12675820-9A87-488C-8113-569000A34D54} = {DDAE8553-18CC-4782-9B62-BF6DA5BC89AD}
		{79938577-68FF-4A55-9F93-37199D8C9948} = {DDAE8553-18CC-4782-9B62-BF6DA5BC89AD}
		{7257A2DA-1970-4B84-B063-9B1FC604F5E4} = {DDAE8553-18CC-4782-9B62-BF6DA5BC89AD}
		{CC34A148-E8D7-4A5E-BDE6-F5F56867F2F8} = {865E6BA7-236A-4B93-A470-65BB4EDB3A41}
		{3DD1E425-086C-43FC-8E89-F206987B05C8} = {CC34A148-E8D7-4A5E-BDE6-F5F56867F2F8}
		{BC16C88E-3885-4769-8D4C-566A0098AAA2} = {CC34A148-E8D7-4A5E-BDE6-F5F56867F2F8}
		{A9D369B2-2286-41BB-AD0A-ECB792AC981E} = {CC34A148-E8D7-4A5E-BDE6-F5F56867F2F8}
		{4BE954BD-E8D4-46FD-B9DD-194EEDBCEF2D} = {865E6BA7-236A-4B93-A470-65BB4EDB3A41}
		{4CF487B1-8009-48A2-8496-6E129673A2D4} = {4BE954BD-E8D4-46FD-B9DD-194EEDBCEF2D}
		{1E76BE43-5A2D-4227-ABAC-BC442693A2F2} = {4BE954BD-E8D4-46FD-B9DD-194EEDBCEF2D}
		{D2874166-6D75-4FF4-AD61-88C7A5BDDA43} = {4BE954BD-E8D4-46FD-B9DD-194EEDBCEF2D}
		{C76DAAAA-1116-4FEA-BE6E-A3C03CE3B0BD} = {865E6BA7-236A-4B93-A470-65BB4EDB3A41}
		{4EB766F8-C9C0-462A-9E20-A6448AABD0E2} = {C76DAAAA-1116-4FEA-BE6E-A3C03CE3B0BD}
		{F60FA0C0-782A-4F99-B7D1-DE6734177683} = {C76DAAAA-1116-4FEA-BE6E-A3C03CE3B0BD}
		{CA910798-2614-4DBE-877A-642783C6B65D} = {C76DAAAA-1116-4FEA-BE6E-A3C03CE3B0BD}
		{6ECB41F5-676B-4B4A-A5AD-F1BC8EC652C4} = {865E6BA7-236A-4B93-A470-65BB4EDB3A41}
		{30A17926-C3D2-4E1F-8DD4-6090CFBB380B} = {6ECB41F5-676B-4B4A-A5AD-F1BC8EC652C4}
		{05BD1595-F65D-486A-91F0-5877F78678F8} = {6ECB41F5-676B-4B4A-A5AD-F1BC8EC652C4}
		{0FA9C2A1-083F-45E4-B703-ECABDA598B17} = {6ECB41F5-676B-4B4A-A5AD-F1BC8EC652C4}
		{4941F86A-B8D1-4681-9F73-EC4EE839863C} = {865E6BA7-236A-4B93-A470-65BB4EDB3A41}
		{B156B0E5-DF0B-4037-804B-575B13CBEAF9} = {4941F86A-B8D1-4681-9F73-EC4EE839863C}
		{C3BDF63D-305A-44BE-A81C-C105814D7531} = {4941F86A-B8D1-4681-9F73-EC4EE839863C}
		{1627889E-5E82-4EDD-A155-B74E8D537B96} = {4941F86A-B8D1-4681-9F73-EC4EE839863C}
		{FB0E7D9B-6E7E-4AF4-BECF-8CF0D3C7C69F} = {865E6BA7-236A-4B93-A470-65BB4EDB3A41}
		{012A8A25-9C3B-4589-90DC-C4042516304C} = {FB0E7D9B-6E7E-4AF4-BECF-8CF0D3C7C69F}
		{5DE250BE-4637-4146-909F-C83EBF679B36} = {FB0E7D9B-6E7E-4AF4-BECF-8CF0D3C7C69F}
		{039A8AD3-6701-432F-A223-0B8263DBB6AA} = {FB0E7D9B-6E7E-4AF4-BECF-8CF0D3C7C69F}
		{D019FF5D-39A9-4F2F-9F8A-0837E02E873A} = {865E6BA7-236A-4B93-A470-65BB4EDB3A41}
		{A9E48D4B-F511-4477-8B8F-29C6700DE933} = {D019FF5D-39A9-4F2F-9F8A-0837E02E873A}
		{E3271FAC-2470-4365-8C04-68994B57F201} = {D019FF5D-39A9-4F2F-9F8A-0837E02E873A}
		{D99A187E-DD6C-4A62-9809-CB20B16ACD6C} = {865E6BA7-236A-4B93-A470-65BB4EDB3A41}
		{99BC2271-5430-43C1-9A6A-82C0B7F64CE7} = {D99A187E-DD6C-4A62-9809-CB20B16ACD6C}
		{AE8CC069-35B6-43C2-AA62-6058B2894C9B} = {D99A187E-DD6C-4A62-9809-CB20B16ACD6C}
		{B5FADCAF-B74A-4996-8D99-A1FFF6E0F88C} = {4CD78AF6-FF58-482F-B67D-77600CD92077}
	EndGlobalSection
EndGlobal
